
Microsoft Visual Studio Solution File, Format Version 12.00
# Visual Studio Version 16
VisualStudioVersion = 16.0.30413.136
MinimumVisualStudioVersion = 10.0.40219.1
Project("{FAE04EC0-301F-11D3-BF4B-00C04F79EFBC}") = "DesignPatterns", "DesignPatterns\DesignPatterns.csproj", "{D9620436-591B-4911-875E-85E0F71A2D51}"
EndProject
Global
	GlobalSection(SolutionConfigurationPlatforms) = preSolution
		Debug|Any CPU = Debug|Any CPU
		Release|Any CPU = Release|Any CPU
	EndGlobalSection
	GlobalSection(ProjectConfigurationPlatforms) = postSolution
		{D9620436-591B-4911-875E-85E0F71A2D51}.Debug|Any CPU.ActiveCfg = Debug|Any CPU
		{D9620436-591B-4911-875E-85E0F71A2D51}.Debug|Any CPU.Build.0 = Debug|Any CPU
		{D9620436-591B-4911-875E-85E0F71A2D51}.Release|Any CPU.ActiveCfg = Release|Any CPU
		{D9620436-591B-4911-875E-85E0F71A2D51}.Release|Any CPU.Build.0 = Release|Any CPU
	EndGlobalSection
	GlobalSection(SolutionProperties) = preSolution
		HideSolutionNode = FALSE
	EndGlobalSection
	GlobalSection(ExtensibilityGlobals) = postSolution
		SolutionGuid = {BA037AF3-5CBF-4B95-9C3D-320B101B0293}
	EndGlobalSection
EndGlobal
